
Microsoft Visual Studio Solution File, Format Version 12.00
# Visual Studio Version 16
VisualStudioVersion = 16.0.29020.237
MinimumVisualStudioVersion = 10.0.40219.1
Project("{FAE04EC0-301F-11D3-BF4B-00C04F79EFBC}") = "INAH", "INAH.csproj", "{C10D061F-2928-4035-881D-1D7C2A581B13}"
EndProject
Global
	GlobalSection(SolutionConfigurationPlatforms) = preSolution
		Debug|Any CPU = Debug|Any CPU
		Release|Any CPU = Release|Any CPU
	EndGlobalSection
	GlobalSection(ProjectConfigurationPlatforms) = postSolution
		{C10D061F-2928-4035-881D-1D7C2A581B13}.Debug|Any CPU.ActiveCfg = Debug|Any CPU
		{C10D061F-2928-4035-881D-1D7C2A581B13}.Debug|Any CPU.Build.0 = Debug|Any CPU
		{C10D061F-2928-4035-881D-1D7C2A581B13}.Release|Any CPU.ActiveCfg = Release|Any CPU
		{C10D061F-2928-4035-881D-1D7C2A581B13}.Release|Any CPU.Build.0 = Release|Any CPU
	EndGlobalSection
	GlobalSection(SolutionProperties) = preSolution
		HideSolutionNode = FALSE
	EndGlobalSection
	GlobalSection(ExtensibilityGlobals) = postSolution
		SolutionGuid = {10066198-AE18-4970-9B1E-5947050C8359}
	EndGlobalSection
EndGlobal
